{
  "lockfileVersion": 1,
  "configVersion": 1,
  "workspaces": {
    "": {
      "name": "tako-cli",
      "dependencies": {
        "@openpanel/sdk": "^1.0.4",
        "@opentui/core": "^0.4.2",
        "qrcode-terminal": "^0.12.0",
        "smol-toml": "^1.3.1",
      },
      "devDependencies": {
        "bun-types": "latest",
      },
    },
  },
  "packages": {
    "@openpanel/sdk": ["@openpanel/sdk@1.3.1", "https://registry.npmmirror.com/@openpanel/sdk/-/sdk-1.3.1.tgz", {}, "sha512-mQ5xaBUGXnyRg3qYxwnbVaUYyW7w8u+munrWk/ClnqxEeR2j+FYPiA6noHbHMCFC2aZutYD5OoRzEvw3FBNFxw=="],

    "@opentui/core": ["@opentui/core@0.4.2", "", { "dependencies": { "bun-ffi-structs": "0.2.3", "diff": "9.0.0", "marked": "17.0.1", "string-width": "7.2.0", "strip-ansi": "7.1.2" }, "optionalDependencies": { "@opentui/core-darwin-arm64": "0.4.2", "@opentui/core-darwin-x64": "0.4.2", "@opentui/core-linux-arm64": "0.4.2", "@opentui/core-linux-arm64-musl": "0.4.2", "@opentui/core-linux-x64": "0.4.2", "@opentui/core-linux-x64-musl": "0.4.2", "@opentui/core-win32-arm64": "0.4.2", "@opentui/core-win32-x64": "0.4.2" }, "peerDependencies": { "web-tree-sitter": "0.25.10" } }, "sha512-ulx6RMqftf2fm7Itf9e81GcCDMNY6NAhmnKYhllDOMYD+PxYXR+vomy2bxQNV5ow31RE7s8WQFnb7hWTRUbx2g=="],

    "@opentui/core-darwin-arm64": ["@opentui/core-darwin-arm64@0.4.2", "", { "os": "darwin", "cpu": "arm64" }, "sha512-is+O+sS/l3E9cZXyM9pRF1WhqnE+hYSPYoZkbseR9CthJcaWPGi3R3jUJa1cLj325252jWgxVupnDqFUtKg36w=="],

    "@opentui/core-darwin-x64": ["@opentui/core-darwin-x64@0.4.2", "", { "os": "darwin", "cpu": "x64" }, "sha512-ACi42h81DurSeybUAD1XyKT6xmXZcKeTxS54lZFi0CVZh46w0g99vNj8PlQzIFXvvFLT0e0IlRS//eWSWS2zGQ=="],

    "@opentui/core-linux-arm64": ["@opentui/core-linux-arm64@0.4.2", "", { "os": "linux", "cpu": "arm64" }, "sha512-RjOx2HcjLRtGSy9WrAGSdr5M9SpJuPifPORpImx6Mciovw0ltnE0uoYjIyor82uf6/LExWC7YA2AcAl+YBxayA=="],

    "@opentui/core-linux-arm64-musl": ["@opentui/core-linux-arm64-musl@0.4.2", "", { "os": "linux", "cpu": "arm64" }, "sha512-heNciL2ngPU+kq1h01PHLsxn6Fr8iqTFtbxSdVbhaY3XihuIjkuXyEhFeuoa1lsXY7Bb2gpWnX5EQVWnZsAuDQ=="],

    "@opentui/core-linux-x64": ["@opentui/core-linux-x64@0.4.2", "", { "os": "linux", "cpu": "x64" }, "sha512-9s0s/ooK+AhWP306By3gu+XhzcVEThC2sqKMPK1nQmGDujQhd+xOrtbtfCVcJSx62UzAovC2VNqypvP8vHByOg=="],

    "@opentui/core-linux-x64-musl": ["@opentui/core-linux-x64-musl@0.4.2", "", { "os": "linux", "cpu": "x64" }, "sha512-Cjv6Bv7l3p/KLNJr5RyqCS0FmRlAGJnkA2IK3S+HkHhCOv/O02S1G+DBUY6POnyjp1eNy95vauustApobhdbig=="],

    "@opentui/core-win32-arm64": ["@opentui/core-win32-arm64@0.4.2", "", { "os": "win32", "cpu": "arm64" }, "sha512-mfJZrJ0TNPFRZUzXNsxAPe1YdiWsy/vbTl93+yeXGHPI1B8Qnk9V5hpzSxxEyBGhlTHSfGNtgiO+VrrdRC3kZA=="],

    "@opentui/core-win32-x64": ["@opentui/core-win32-x64@0.4.2", "", { "os": "win32", "cpu": "x64" }, "sha512-P2oguG3ng3OMjAdasFSA3GhHaQXtzDUsIRDGbzWFOimpZ/zMemidp+JQ0V8V6XwK6Utk5G0aQ03oBaRCoLyYDw=="],

    "@types/node": ["@types/node@26.1.0", "https://registry.npmmirror.com/@types/node/-/node-26.1.0.tgz", { "dependencies": { "undici-types": "~8.3.0" } }, "sha512-O0A1G3xPGy4w7AgQdAQYUlQ+BKk2Oovw8eRpofyp5KdBZULnbe+WqaOVNrm705SHphCiG4XHsACrSmPu1f+Kgw=="],

    "ansi-regex": ["ansi-regex@6.2.2", "https://registry.npmmirror.com/ansi-regex/-/ansi-regex-6.2.2.tgz", {}, "sha512-Bq3SmSpyFHaWjPk8If9yc6svM8c56dB5BAtW4Qbw5jHTwwXXcTLoRMkpDJp6VL0XzlWaCHTXrkFURMYmD0sLqg=="],

    "bun-ffi-structs": ["bun-ffi-structs@0.2.3", "", { "peerDependencies": { "typescript": "^5" } }, "sha512-pgJiXP+hEgFo9qG51J6ItfY4ocs3vniwNzJ9WhoakB3QB2GdzQxX2EXssentPYlB2hOfJrTjO6iIQkWYzUodpg=="],

    "bun-types": ["bun-types@1.3.14", "https://registry.npmmirror.com/bun-types/-/bun-types-1.3.14.tgz", { "dependencies": { "@types/node": "*" } }, "sha512-4N0ig0fEomHt5R0KCFWjovxow98rIoRwKolrYdCcknNwMekCXRnWEUvgu5soYV8QXtVsrUD8B95MBOZGPvr6KQ=="],

    "diff": ["diff@9.0.0", "", {}, "sha512-svtcdpS8CgJyqAjEQIXdb3OjhFVVYjzGAPO8WGCmRbrml64SPw/jJD4GoE98aR7r25A0XcgrK3F02yw9R/vhQw=="],

    "emoji-regex": ["emoji-regex@10.6.0", "https://registry.npmmirror.com/emoji-regex/-/emoji-regex-10.6.0.tgz", {}, "sha512-toUI84YS5YmxW219erniWD0CIVOo46xGKColeNQRgOzDorgBi1v4D71/OFzgD9GO2UGKIv1C3Sp8DAn0+j5w7A=="],

    "get-east-asian-width": ["get-east-asian-width@1.6.0", "https://registry.npmmirror.com/get-east-asian-width/-/get-east-asian-width-1.6.0.tgz", {}, "sha512-QRbvDIbx6YklUe6RxeTeleMR0yv3cYH6PsPZHcnVn7xv7zO1BHN8r0XETu8n6Ye3Q+ahtSarc3WgtNWmehIBfA=="],

    "marked": ["marked@17.0.1", "", { "bin": { "marked": "bin/marked.js" } }, "sha512-boeBdiS0ghpWcSwoNm/jJBwdpFaMnZWRzjA6SkUMYb40SVaN1x7mmfGKp0jvexGcx+7y2La5zRZsYFZI6Qpypg=="],

    "qrcode-terminal": ["qrcode-terminal@0.12.0", "https://registry.npmmirror.com/qrcode-terminal/-/qrcode-terminal-0.12.0.tgz", { "bin": { "qrcode-terminal": "./bin/qrcode-terminal.js" } }, "sha512-EXtzRZmC+YGmGlDFbXKxQiMZNwCLEO6BANKXG4iCtSIM0yqc/pappSx3RIKr4r0uh5JsBckOXeKrB3Iz7mdQpQ=="],

    "smol-toml": ["smol-toml@1.7.0", "https://registry.npmmirror.com/smol-toml/-/smol-toml-1.7.0.tgz", {}, "sha512-aqVvWoyO21L23mb+drl4RmMXbf6N7FdHjAhTRA9ZBL7apWBgfWC16KjrASI+1p9GAroljyMHj6fK67i0UiTNvQ=="],

    "string-width": ["string-width@7.2.0", "https://registry.npmmirror.com/string-width/-/string-width-7.2.0.tgz", { "dependencies": { "emoji-regex": "^10.3.0", "get-east-asian-width": "^1.0.0", "strip-ansi": "^7.1.0" } }, "sha512-tsaTIkKW9b4N+AEj+SVA+WhJzV7/zMhcSu78mLKWSk7cXMOSHsBKFWUs0fWwq8QyK3MgJBQRX6Gbi4kYbdvGkQ=="],

    "strip-ansi": ["strip-ansi@7.1.2", "", { "dependencies": { "ansi-regex": "^6.0.1" } }, "sha512-gmBGslpoQJtgnMAvOVqGZpEz9dyoKTCzy2nfz/n8aIFhN/jCE/rCmcxabB6jOOHV+0WNnylOxaxBQPSvcWklhA=="],

    "typescript": ["typescript@5.9.3", "", { "bin": { "tsc": "bin/tsc", "tsserver": "bin/tsserver" } }, "sha512-jl1vZzPDinLr9eUt3J/t7V6FgNEw9QjvBPdysz9KfQDD41fQrC2Y4vKQdiaUpFT4bXlb1RHhLpp8wtm6M5TgSw=="],

    "undici-types": ["undici-types@8.3.0", "https://registry.npmmirror.com/undici-types/-/undici-types-8.3.0.tgz", {}, "sha512-j375ScV60dom+YkPFIfTLcOiPxkN/buHz5GobjLhixFuANaNs3C9l4GmrWqejgXWJ7BbJcFYpTEUkS1Ge8bpZQ=="],

    "web-tree-sitter": ["web-tree-sitter@0.25.10", "", { "peerDependencies": { "@types/emscripten": "^1.40.0" }, "optionalPeers": ["@types/emscripten"] }, "sha512-Y09sF44/13XvgVKgO2cNDw5rGk6s26MgoZPXLESvMXeefBf7i6/73eFurre0IsTW6E14Y0ArIzhUMmjoc7xyzA=="],

    "string-width/strip-ansi": ["strip-ansi@7.2.0", "https://registry.npmmirror.com/strip-ansi/-/strip-ansi-7.2.0.tgz", { "dependencies": { "ansi-regex": "^6.2.2" } }, "sha512-yDPMNjp4WyfYBkHnjIRLfca1i6KMyGCtsVgoKe/z1+6vukgaENdgGBZt+ZmKPc4gavvEZ5OgHfHdrazhgNyG7w=="],
  }
}
